
Microsoft Visual Studio Solution File, Format Version 12.00
# Visual Studio Version 16
VisualStudioVersion = 16.0.31112.23
MinimumVisualStudioVersion = 10.0.40219.1
Project("{FAE04EC0-301F-11D3-BF4B-00C04F79EFBC}") = "LupExercise-ArchieGonzales", "LupExercise-ArchieGonzales\LupExercise-ArchieGonzales.csproj", "{9F3DC17B-59AF-45F3-8342-519B150910A6}"
EndProject
Project("{FAE04EC0-301F-11D3-BF4B-00C04F79EFBC}") = "LupExercise-ArchieGonzales.DAL", "LupExercise-ArchieGonzales.DAL\LupExercise-ArchieGonzales.DAL.csproj", "{D2C19941-543B-48C6-A193-8A087EFC985A}"
EndProject
Global
	GlobalSection(SolutionConfigurationPlatforms) = preSolution
		Debug|Any CPU = Debug|Any CPU
		Release|Any CPU = Release|Any CPU
	EndGlobalSection
	GlobalSection(ProjectConfigurationPlatforms) = postSolution
		{9F3DC17B-59AF-45F3-8342-519B150910A6}.Debug|Any CPU.ActiveCfg = Debug|Any CPU
		{9F3DC17B-59AF-45F3-8342-519B150910A6}.Debug|Any CPU.Build.0 = Debug|Any CPU
		{9F3DC17B-59AF-45F3-8342-519B150910A6}.Release|Any CPU.ActiveCfg = Release|Any CPU
		{9F3DC17B-59AF-45F3-8342-519B150910A6}.Release|Any CPU.Build.0 = Release|Any CPU
		{D2C19941-543B-48C6-A193-8A087EFC985A}.Debug|Any CPU.ActiveCfg = Debug|Any CPU
		{D2C19941-543B-48C6-A193-8A087EFC985A}.Debug|Any CPU.Build.0 = Debug|Any CPU
		{D2C19941-543B-48C6-A193-8A087EFC985A}.Release|Any CPU.ActiveCfg = Release|Any CPU
		{D2C19941-543B-48C6-A193-8A087EFC985A}.Release|Any CPU.Build.0 = Release|Any CPU
	EndGlobalSection
	GlobalSection(SolutionProperties) = preSolution
		HideSolutionNode = FALSE
	EndGlobalSection
	GlobalSection(ExtensibilityGlobals) = postSolution
		SolutionGuid = {4045D6F7-A457-42A5-8C35-F62AD0FD27C0}
	EndGlobalSection
EndGlobal
